
Microsoft Visual Studio Solution File, Format Version 12.00
# Visual Studio 15
VisualStudioVersion = 15.0.28010.2036
MinimumVisualStudioVersion = 10.0.40219.1
Project("{FAE04EC0-301F-11D3-BF4B-00C04F79EFBC}") = "addressbook_web-tests", "addressbook_web-tests\addressbook_web-tests.csproj", "{581BAFF5-12C5-4E77-A6A7-07BA5CABF83A}"
EndProject
Global
	GlobalSection(SolutionConfigurationPlatforms) = preSolution
		Debug|Any CPU = Debug|Any CPU
		Release|Any CPU = Release|Any CPU
	EndGlobalSection
	GlobalSection(ProjectConfigurationPlatforms) = postSolution
		{581BAFF5-12C5-4E77-A6A7-07BA5CABF83A}.Debug|Any CPU.ActiveCfg = Debug|Any CPU
		{581BAFF5-12C5-4E77-A6A7-07BA5CABF83A}.Debug|Any CPU.Build.0 = Debug|Any CPU
		{581BAFF5-12C5-4E77-A6A7-07BA5CABF83A}.Release|Any CPU.ActiveCfg = Release|Any CPU
		{581BAFF5-12C5-4E77-A6A7-07BA5CABF83A}.Release|Any CPU.Build.0 = Release|Any CPU
	EndGlobalSection
	GlobalSection(SolutionProperties) = preSolution
		HideSolutionNode = FALSE
	EndGlobalSection
	GlobalSection(ExtensibilityGlobals) = postSolution
		SolutionGuid = {2A804339-190B-4FA0-A3CF-C8630C372AED}
	EndGlobalSection
EndGlobal
